# This file is automatically @generated by Cargo.
# It is not intended for manual editing.
version = 3

[[package]]
name = "dependency-tree-generator"
version = "0.1.0"
dependencies = [
 "network_vis",
]

[[package]]
name = "network_vis"
version = "0.1.2"
source = "registry+https://github.com/rust-lang/crates.io-index"
checksum = "dbb71a9109af27dfe08a6c9226694dad84812c69ec2f83e6aaf4b592f3dfd295"
